
Microsoft Visual Studio Solution File, Format Version 12.00
# Visual Studio Version 16
VisualStudioVersion = 16.0.30523.141
MinimumVisualStudioVersion = 10.0.40219.1
Project("{9A19103F-16F7-4668-BE54-9A1E7A4F7556}") = "_build", "..\build\_build.csproj", "{65F158EE-0226-459E-B84E-E1C85E4F492A}"
EndProject
Project("{9A19103F-16F7-4668-BE54-9A1E7A4F7556}") = "Phyros.Athena.Model.Workflow.ProcessItems", "Phyros.Athena.Model.Workflow.ProcessItems\Phyros.Athena.Model.Workflow.ProcessItems.csproj", "{2B86E714-9F4B-4088-82C8-E19D1DD54663}"
EndProject
Global
	GlobalSection(SolutionConfigurationPlatforms) = preSolution
		Debug|Any CPU = Debug|Any CPU
		Release|Any CPU = Release|Any CPU
	EndGlobalSection
	GlobalSection(ProjectConfigurationPlatforms) = postSolution
		{65F158EE-0226-459E-B84E-E1C85E4F492A}.Debug|Any CPU.ActiveCfg = Debug|Any CPU
		{65F158EE-0226-459E-B84E-E1C85E4F492A}.Release|Any CPU.ActiveCfg = Release|Any CPU
		{2B86E714-9F4B-4088-82C8-E19D1DD54663}.Debug|Any CPU.ActiveCfg = Debug|Any CPU
		{2B86E714-9F4B-4088-82C8-E19D1DD54663}.Debug|Any CPU.Build.0 = Debug|Any CPU
		{2B86E714-9F4B-4088-82C8-E19D1DD54663}.Release|Any CPU.ActiveCfg = Release|Any CPU
		{2B86E714-9F4B-4088-82C8-E19D1DD54663}.Release|Any CPU.Build.0 = Release|Any CPU
	EndGlobalSection
	GlobalSection(SolutionProperties) = preSolution
		HideSolutionNode = FALSE
	EndGlobalSection
	GlobalSection(ExtensibilityGlobals) = postSolution
		SolutionGuid = {BA004EBF-583B-4D3D-AD31-425770B42B0A}
	EndGlobalSection
EndGlobal
